
Microsoft Visual Studio Solution File, Format Version 12.00
# Visual Studio Version 17
VisualStudioVersion = 17.0.31919.166
MinimumVisualStudioVersion = 10.0.40219.1
Project("{9A19103F-16F7-4668-BE54-9A1E7A4F7556}") = "Sparky", "Sparky\Sparky.csproj", "{5A155E46-9058-4AF4-8B77-8D0867C537AA}"
EndProject
Project("{9A19103F-16F7-4668-BE54-9A1E7A4F7556}") = "SparkyMSTest", "SparkyMSTest\SparkyMSTest.csproj", "{2F69E27C-4806-4C77-927E-748C743B7FE9}"
EndProject
Project("{9A19103F-16F7-4668-BE54-9A1E7A4F7556}") = "SparkyNUnitTest", "SparkyNUnitTest\SparkyNUnitTest.csproj", "{1E637E0F-B3D4-4237-BD59-344BEA31E293}"
EndProject
Project("{FAE04EC0-301F-11D3-BF4B-00C04F79EFBC}") = "SparkyXUnit", "SparkyXUnit\SparkyXUnit.csproj", "{672D2779-3057-4EEA-93E4-BAF6758DA06D}"
EndProject
Project("{2150E333-8FDC-42A3-9474-1A3956D46DE8}") = "Basic Foundation", "Basic Foundation", "{EA051251-2E49-4FBD-B6FF-E6BC6D8435CE}"
EndProject
Project("{2150E333-8FDC-42A3-9474-1A3956D46DE8}") = "BongoWeb", "BongoWeb", "{EDBA31F0-A39F-40F7-B00B-C45B5D7141EB}"
EndProject
Project("{9A19103F-16F7-4668-BE54-9A1E7A4F7556}") = "Bongo.Core", "Bongo_InitialSetup (.NET 6)\Bongo.Core\Bongo.Core.csproj", "{A4374249-4CA2-443A-8B83-535894ABC43F}"
EndProject
Project("{9A19103F-16F7-4668-BE54-9A1E7A4F7556}") = "Bongo.DataAccess", "Bongo_InitialSetup (.NET 6)\Bongo.DataAccess\Bongo.DataAccess.csproj", "{6CB70629-ED22-44EB-A87F-F40EF8CF0524}"
EndProject
Project("{9A19103F-16F7-4668-BE54-9A1E7A4F7556}") = "Bongo.Models", "Bongo_InitialSetup (.NET 6)\Bongo.Models\Bongo.Models.csproj", "{19F720E3-9029-4D22-BA94-56A04297EB3F}"
EndProject
Project("{9A19103F-16F7-4668-BE54-9A1E7A4F7556}") = "Bongo.Web", "Bongo_InitialSetup (.NET 6)\Bongo.Web\Bongo.Web.csproj", "{7559B692-9EC4-4696-B166-345BDEBDA6A5}"
EndProject
Project("{FAE04EC0-301F-11D3-BF4B-00C04F79EFBC}") = "Bongo.models.Tests", "Bongo.models.Tests\Bongo.models.Tests.csproj", "{5722B4F6-EEF5-4A10-B3A7-6C50DF45FE30}"
EndProject
Project("{FAE04EC0-301F-11D3-BF4B-00C04F79EFBC}") = "Bongo.DataAccess.Testa", "Bongo.DataAccess.Testa\Bongo.DataAccess.Testa.csproj", "{4390E228-3FDB-48B5-8C9E-E4F36F487F32}"
EndProject
Project("{FAE04EC0-301F-11D3-BF4B-00C04F79EFBC}") = "Bongo.Core.Tests", "Bongo.Core.Tests\Bongo.Core.Tests.csproj", "{63F0BBBB-15F9-4398-A01A-7A7903DA0205}"
EndProject
Project("{FAE04EC0-301F-11D3-BF4B-00C04F79EFBC}") = "Bongo.Web.Tests", "Bongo.Web.Tests\Bongo.Web.Tests.csproj", "{5CFD1D12-E203-45E0-BDE6-3BF8736C4B56}"
EndProject
Global
	GlobalSection(SolutionConfigurationPlatforms) = preSolution
		Debug|Any CPU = Debug|Any CPU
		Release|Any CPU = Release|Any CPU
	EndGlobalSection
	GlobalSection(ProjectConfigurationPlatforms) = postSolution
		{5A155E46-9058-4AF4-8B77-8D0867C537AA}.Debug|Any CPU.ActiveCfg = Debug|Any CPU
		{5A155E46-9058-4AF4-8B77-8D0867C537AA}.Debug|Any CPU.Build.0 = Debug|Any CPU
		{5A155E46-9058-4AF4-8B77-8D0867C537AA}.Release|Any CPU.ActiveCfg = Release|Any CPU
		{5A155E46-9058-4AF4-8B77-8D0867C537AA}.Release|Any CPU.Build.0 = Release|Any CPU
		{2F69E27C-4806-4C77-927E-748C743B7FE9}.Debug|Any CPU.ActiveCfg = Debug|Any CPU
		{2F69E27C-4806-4C77-927E-748C743B7FE9}.Debug|Any CPU.Build.0 = Debug|Any CPU
		{2F69E27C-4806-4C77-927E-748C743B7FE9}.Release|Any CPU.ActiveCfg = Release|Any CPU
		{2F69E27C-4806-4C77-927E-748C743B7FE9}.Release|Any CPU.Build.0 = Release|Any CPU
		{1E637E0F-B3D4-4237-BD59-344BEA31E293}.Debug|Any CPU.ActiveCfg = Debug|Any CPU
		{1E637E0F-B3D4-4237-BD59-344BEA31E293}.Debug|Any CPU.Build.0 = Debug|Any CPU
		{1E637E0F-B3D4-4237-BD59-344BEA31E293}.Release|Any CPU.ActiveCfg = Release|Any CPU
		{1E637E0F-B3D4-4237-BD59-344BEA31E293}.Release|Any CPU.Build.0 = Release|Any CPU
		{672D2779-3057-4EEA-93E4-BAF6758DA06D}.Debug|Any CPU.ActiveCfg = Debug|Any CPU
		{672D2779-3057-4EEA-93E4-BAF6758DA06D}.Debug|Any CPU.Build.0 = Debug|Any CPU
		{672D2779-3057-4EEA-93E4-BAF6758DA06D}.Release|Any CPU.ActiveCfg = Release|Any CPU
		{672D2779-3057-4EEA-93E4-BAF6758DA06D}.Release|Any CPU.Build.0 = Release|Any CPU
		{A4374249-4CA2-443A-8B83-535894ABC43F}.Debug|Any CPU.ActiveCfg = Debug|Any CPU
		{A4374249-4CA2-443A-8B83-535894ABC43F}.Debug|Any CPU.Build.0 = Debug|Any CPU
		{A4374249-4CA2-443A-8B83-535894ABC43F}.Release|Any CPU.ActiveCfg = Release|Any CPU
		{A4374249-4CA2-443A-8B83-535894ABC43F}.Release|Any CPU.Build.0 = Release|Any CPU
		{6CB70629-ED22-44EB-A87F-F40EF8CF0524}.Debug|Any CPU.ActiveCfg = Debug|Any CPU
		{6CB70629-ED22-44EB-A87F-F40EF8CF0524}.Debug|Any CPU.Build.0 = Debug|Any CPU
		{6CB70629-ED22-44EB-A87F-F40EF8CF0524}.Release|Any CPU.ActiveCfg = Release|Any CPU
		{6CB70629-ED22-44EB-A87F-F40EF8CF0524}.Release|Any CPU.Build.0 = Release|Any CPU
		{19F720E3-9029-4D22-BA94-56A04297EB3F}.Debug|Any CPU.ActiveCfg = Debug|Any CPU
		{19F720E3-9029-4D22-BA94-56A04297EB3F}.Debug|Any CPU.Build.0 = Debug|Any CPU
		{19F720E3-9029-4D22-BA94-56A04297EB3F}.Release|Any CPU.ActiveCfg = Release|Any CPU
		{19F720E3-9029-4D22-BA94-56A04297EB3F}.Release|Any CPU.Build.0 = Release|Any CPU
		{7559B692-9EC4-4696-B166-345BDEBDA6A5}.Debug|Any CPU.ActiveCfg = Debug|Any CPU
		{7559B692-9EC4-4696-B166-345BDEBDA6A5}.Debug|Any CPU.Build.0 = Debug|Any CPU
		{7559B692-9EC4-4696-B166-345BDEBDA6A5}.Release|Any CPU.ActiveCfg = Release|Any CPU
		{7559B692-9EC4-4696-B166-345BDEBDA6A5}.Release|Any CPU.Build.0 = Release|Any CPU
		{5722B4F6-EEF5-4A10-B3A7-6C50DF45FE30}.Debug|Any CPU.ActiveCfg = Debug|Any CPU
		{5722B4F6-EEF5-4A10-B3A7-6C50DF45FE30}.Debug|Any CPU.Build.0 = Debug|Any CPU
		{5722B4F6-EEF5-4A10-B3A7-6C50DF45FE30}.Release|Any CPU.ActiveCfg = Release|Any CPU
		{5722B4F6-EEF5-4A10-B3A7-6C50DF45FE30}.Release|Any CPU.Build.0 = Release|Any CPU
		{4390E228-3FDB-48B5-8C9E-E4F36F487F32}.Debug|Any CPU.ActiveCfg = Debug|Any CPU
		{4390E228-3FDB-48B5-8C9E-E4F36F487F32}.Debug|Any CPU.Build.0 = Debug|Any CPU
		{4390E228-3FDB-48B5-8C9E-E4F36F487F32}.Release|Any CPU.ActiveCfg = Release|Any CPU
		{4390E228-3FDB-48B5-8C9E-E4F36F487F32}.Release|Any CPU.Build.0 = Release|Any CPU
		{63F0BBBB-15F9-4398-A01A-7A7903DA0205}.Debug|Any CPU.ActiveCfg = Debug|Any CPU
		{63F0BBBB-15F9-4398-A01A-7A7903DA0205}.Debug|Any CPU.Build.0 = Debug|Any CPU
		{63F0BBBB-15F9-4398-A01A-7A7903DA0205}.Release|Any CPU.ActiveCfg = Release|Any CPU
		{63F0BBBB-15F9-4398-A01A-7A7903DA0205}.Release|Any CPU.Build.0 = Release|Any CPU
		{5CFD1D12-E203-45E0-BDE6-3BF8736C4B56}.Debug|Any CPU.ActiveCfg = Debug|Any CPU
		{5CFD1D12-E203-45E0-BDE6-3BF8736C4B56}.Debug|Any CPU.Build.0 = Debug|Any CPU
		{5CFD1D12-E203-45E0-BDE6-3BF8736C4B56}.Release|Any CPU.ActiveCfg = Release|Any CPU
		{5CFD1D12-E203-45E0-BDE6-3BF8736C4B56}.Release|Any CPU.Build.0 = Release|Any CPU
	EndGlobalSection
	GlobalSection(SolutionProperties) = preSolution
		HideSolutionNode = FALSE
	EndGlobalSection
	GlobalSection(NestedProjects) = preSolution
		{5A155E46-9058-4AF4-8B77-8D0867C537AA} = {EA051251-2E49-4FBD-B6FF-E6BC6D8435CE}
		{2F69E27C-4806-4C77-927E-748C743B7FE9} = {EA051251-2E49-4FBD-B6FF-E6BC6D8435CE}
		{1E637E0F-B3D4-4237-BD59-344BEA31E293} = {EA051251-2E49-4FBD-B6FF-E6BC6D8435CE}
		{672D2779-3057-4EEA-93E4-BAF6758DA06D} = {EA051251-2E49-4FBD-B6FF-E6BC6D8435CE}
		{A4374249-4CA2-443A-8B83-535894ABC43F} = {EDBA31F0-A39F-40F7-B00B-C45B5D7141EB}
		{6CB70629-ED22-44EB-A87F-F40EF8CF0524} = {EDBA31F0-A39F-40F7-B00B-C45B5D7141EB}
		{19F720E3-9029-4D22-BA94-56A04297EB3F} = {EDBA31F0-A39F-40F7-B00B-C45B5D7141EB}
		{7559B692-9EC4-4696-B166-345BDEBDA6A5} = {EDBA31F0-A39F-40F7-B00B-C45B5D7141EB}
		{5722B4F6-EEF5-4A10-B3A7-6C50DF45FE30} = {EDBA31F0-A39F-40F7-B00B-C45B5D7141EB}
		{4390E228-3FDB-48B5-8C9E-E4F36F487F32} = {EDBA31F0-A39F-40F7-B00B-C45B5D7141EB}
		{63F0BBBB-15F9-4398-A01A-7A7903DA0205} = {EDBA31F0-A39F-40F7-B00B-C45B5D7141EB}
		{5CFD1D12-E203-45E0-BDE6-3BF8736C4B56} = {EDBA31F0-A39F-40F7-B00B-C45B5D7141EB}
	EndGlobalSection
	GlobalSection(ExtensibilityGlobals) = postSolution
		SolutionGuid = {EFB6D1EE-3B99-4CEB-BAF4-681887652430}
	EndGlobalSection
EndGlobal
